
Microsoft Visual Studio Solution File, Format Version 12.00
Project("{FAE04EC0-301F-11D3-BF4B-00C04F79EFBC}") = "LoanApp", "LoanApp.csproj", "{167F4EC2-4F8E-4BA3-AA17-58F49BD85BBB}"
EndProject
Global
	GlobalSection(SolutionConfigurationPlatforms) = preSolution
		Debug|Any CPU = Debug|Any CPU
		Release|Any CPU = Release|Any CPU
	EndGlobalSection
	GlobalSection(ProjectConfigurationPlatforms) = postSolution
		{167F4EC2-4F8E-4BA3-AA17-58F49BD85BBB}.Debug|Any CPU.ActiveCfg = Debug|Any CPU
		{167F4EC2-4F8E-4BA3-AA17-58F49BD85BBB}.Debug|Any CPU.Build.0 = Debug|Any CPU
		{167F4EC2-4F8E-4BA3-AA17-58F49BD85BBB}.Release|Any CPU.ActiveCfg = Release|Any CPU
		{167F4EC2-4F8E-4BA3-AA17-58F49BD85BBB}.Release|Any CPU.Build.0 = Release|Any CPU
	EndGlobalSection
EndGlobal
